// !$*UTF8*$!
{
	archiveVersion = 1;
	classes = {
	};
	objectVersion = 46;
	objects = {

/* Begin PBXBuildFile section */
		132DA95C18A50CF500BC3F95 /* BlocksHelper.m in Sources */ = {isa = PBXBuildFile; fileRef = 132DA95B18A50CF500BC3F95 /* BlocksHelper.m */; };
		132DA96218A50DD400BC3F95 /* RKTRestKitParsing.m in Sources */ = {isa = PBXBuildFile; fileRef = 132DA96118A50DD400BC3F95 /* RKTRestKitParsing.m */; };
		132DA96518A5120800BC3F95 /* RKTParsingOperator.m in Sources */ = {isa = PBXBuildFile; fileRef = 132DA96418A5120800BC3F95 /* RKTParsingOperator.m */; };
		132DA96818A5122A00BC3F95 /* RKTParsingResult.m in Sources */ = {isa = PBXBuildFile; fileRef = 132DA96718A5122A00BC3F95 /* RKTParsingResult.m */; };
		136459351897C6C9003D8526 /* Foundation.framework in Frameworks */ = {isa = PBXBuildFile; fileRef = 136459341897C6C9003D8526 /* Foundation.framework */; };
		136459371897C6C9003D8526 /* CoreGraphics.framework in Frameworks */ = {isa = PBXBuildFile; fileRef = 136459361897C6C9003D8526 /* CoreGraphics.framework */; };
		136459391897C6C9003D8526 /* UIKit.framework in Frameworks */ = {isa = PBXBuildFile; fileRef = 136459381897C6C9003D8526 /* UIKit.framework */; };
		1364593F1897C6C9003D8526 /* InfoPlist.strings in Resources */ = {isa = PBXBuildFile; fileRef = 1364593D1897C6C9003D8526 /* InfoPlist.strings */; };
		136459411897C6C9003D8526 /* main.m in Sources */ = {isa = PBXBuildFile; fileRef = 136459401897C6C9003D8526 /* main.m */; };
		136459451897C6C9003D8526 /* RKTAppDelegate.m in Sources */ = {isa = PBXBuildFile; fileRef = 136459441897C6C9003D8526 /* RKTAppDelegate.m */; };
		1364594B1897C6C9003D8526 /* RKTViewController.m in Sources */ = {isa = PBXBuildFile; fileRef = 1364594A1897C6C9003D8526 /* RKTViewController.m */; };
		1364594D1897C6C9003D8526 /* Images.xcassets in Resources */ = {isa = PBXBuildFile; fileRef = 1364594C1897C6C9003D8526 /* Images.xcassets */; };
		136459541897C6C9003D8526 /* XCTest.framework in Frameworks */ = {isa = PBXBuildFile; fileRef = 136459531897C6C9003D8526 /* XCTest.framework */; };
		136459551897C6C9003D8526 /* Foundation.framework in Frameworks */ = {isa = PBXBuildFile; fileRef = 136459341897C6C9003D8526 /* Foundation.framework */; };
		136459561897C6C9003D8526 /* UIKit.framework in Frameworks */ = {isa = PBXBuildFile; fileRef = 136459381897C6C9003D8526 /* UIKit.framework */; };
		1364595E1897C6C9003D8526 /* InfoPlist.strings in Resources */ = {isa = PBXBuildFile; fileRef = 1364595C1897C6C9003D8526 /* InfoPlist.strings */; };
		136459601897C6C9003D8526 /* RestKitTestTests.m in Sources */ = {isa = PBXBuildFile; fileRef = 1364595F1897C6C9003D8526 /* RestKitTestTests.m */; };
		13645AE31897C772003D8526 /* MappingFactory.m in Sources */ = {isa = PBXBuildFile; fileRef = 136459CC1897C76A003D8526 /* MappingFactory.m */; };
		13645AF21897C772003D8526 /* MEActivityComment.m in Sources */ = {isa = PBXBuildFile; fileRef = 136459F11897C76A003D8526 /* MEActivityComment.m */; };
		13645AF41897C772003D8526 /* MEActivityCommentMention.m in Sources */ = {isa = PBXBuildFile; fileRef = 136459F51897C76A003D8526 /* MEActivityCommentMention.m */; };
		13645AF51897C772003D8526 /* MEActivityCommentProfile.m in Sources */ = {isa = PBXBuildFile; fileRef = 136459F71897C76A003D8526 /* MEActivityCommentProfile.m */; };
		13645AF71897C772003D8526 /* MEActivityObject.m in Sources */ = {isa = PBXBuildFile; fileRef = 136459FB1897C76A003D8526 /* MEActivityObject.m */; };
		13645AF81897C772003D8526 /* MEActivityObjectPhoto.m in Sources */ = {isa = PBXBuildFile; fileRef = 136459FD1897C76A003D8526 /* MEActivityObjectPhoto.m */; };
		13645AF91897C772003D8526 /* MEActivityObjectPhotoTag.m in Sources */ = {isa = PBXBuildFile; fileRef = 136459FF1897C76A003D8526 /* MEActivityObjectPhotoTag.m */; };
		13645AFA1897C772003D8526 /* MEActivityObjectPoll.m in Sources */ = {isa = PBXBuildFile; fileRef = 13645A011897C76A003D8526 /* MEActivityObjectPoll.m */; };
		13645AFB1897C772003D8526 /* MEActivityObjectPollPhoto.m in Sources */ = {isa = PBXBuildFile; fileRef = 13645A031897C76A003D8526 /* MEActivityObjectPollPhoto.m */; };
		13645AFE1897C772003D8526 /* MEActivityObjectsList.m in Sources */ = {isa = PBXBuildFile; fileRef = 13645A091897C76A003D8526 /* MEActivityObjectsList.m */; };
		13645B021897C772003D8526 /* MEActivityUserProfile.m in Sources */ = {isa = PBXBuildFile; fileRef = 13645A111897C76B003D8526 /* MEActivityUserProfile.m */; };
		13645B031897C772003D8526 /* MEAPIError.m in Sources */ = {isa = PBXBuildFile; fileRef = 13645A131897C76B003D8526 /* MEAPIError.m */; };
		13645B1F1897C772003D8526 /* MEPhotoSize.m in Sources */ = {isa = PBXBuildFile; fileRef = 13645A4B1897C76D003D8526 /* MEPhotoSize.m */; };
		13645B291897C772003D8526 /* MEServerResponse.m in Sources */ = {isa = PBXBuildFile; fileRef = 13645A5F1897C76E003D8526 /* MEServerResponse.m */; };
		13645B7E1897CCA9003D8526 /* SystemConfiguration.framework in Frameworks */ = {isa = PBXBuildFile; fileRef = 13645B7D1897CCA9003D8526 /* SystemConfiguration.framework */; };
		13645B801897CCBF003D8526 /* CFNetwork.framework in Frameworks */ = {isa = PBXBuildFile; fileRef = 13645B7F1897CCBF003D8526 /* CFNetwork.framework */; };
		13645B821897CCC5003D8526 /* CoreData.framework in Frameworks */ = {isa = PBXBuildFile; fileRef = 13645B811897CCC5003D8526 /* CoreData.framework */; };
		13645B841897CCCE003D8526 /* MobileCoreServices.framework in Frameworks */ = {isa = PBXBuildFile; fileRef = 13645B831897CCCE003D8526 /* MobileCoreServices.framework */; };
		13645B861897CCD7003D8526 /* Security.framework in Frameworks */ = {isa = PBXBuildFile; fileRef = 13645B851897CCD7003D8526 /* Security.framework */; };
		13645B8D1897CEB3003D8526 /* Memory.m in Sources */ = {isa = PBXBuildFile; fileRef = 13645B8C1897CEB3003D8526 /* Memory.m */; };
		138BFA8318A88BCF00663195 /* RKTHandParsing.m in Sources */ = {isa = PBXBuildFile; fileRef = 138BFA8218A88BCF00663195 /* RKTHandParsing.m */; };
		138BFA8618A8938F00663195 /* EasyMappingFactory.m in Sources */ = {isa = PBXBuildFile; fileRef = 138BFA8518A8938F00663195 /* EasyMappingFactory.m */; };
		138BFA8918A8988A00663195 /* RKTEasyMappingParsing.m in Sources */ = {isa = PBXBuildFile; fileRef = 138BFA8818A8988A00663195 /* RKTEasyMappingParsing.m */; };
		13EB66B118A39626009D876C /* jsonData.json in Resources */ = {isa = PBXBuildFile; fileRef = 13EB66B018A39626009D876C /* jsonData.json */; };
		13EB6B1D18A39AFB009D876C /* RKTSourceProvider.m in Sources */ = {isa = PBXBuildFile; fileRef = 13EB6B1C18A39AFB009D876C /* RKTSourceProvider.m */; };
		13EB6B1F18A3A1B9009D876C /* RKTViewController.xib in Resources */ = {isa = PBXBuildFile; fileRef = 13EB6B1E18A3A1B9009D876C /* RKTViewController.xib */; };
		13EB6B2318A3A651009D876C /* RKTJsonViewController.m in Sources */ = {isa = PBXBuildFile; fileRef = 13EB6B2218A3A651009D876C /* RKTJsonViewController.m */; };
		13EB6B2518A3A662009D876C /* RKTJsonViewController.xib in Resources */ = {isa = PBXBuildFile; fileRef = 13EB6B2418A3A662009D876C /* RKTJsonViewController.xib */; };
		13EB6B2818A3ABA6009D876C /* RKTParsingOperationBase.m in Sources */ = {isa = PBXBuildFile; fileRef = 13EB6B2718A3ABA6009D876C /* RKTParsingOperationBase.m */; };
		2EB13DB8F1F5F90E34BCE4C1 /* libPods-RestKitTestTests.a in Frameworks */ = {isa = PBXBuildFile; fileRef = A3B6622048DEB2E230181BE7 /* libPods-RestKitTestTests.a */; };
		49731A1E1DEFDE9100BBD05C /* main.m in Sources */ = {isa = PBXBuildFile; fileRef = 49731A1D1DEFDE9100BBD05C /* main.m */; };
		49731A221DEFDEBF00BBD05C /* jsonData.json in CopyFiles */ = {isa = PBXBuildFile; fileRef = 13EB66B018A39626009D876C /* jsonData.json */; };
		49BBFF4D1DEEC4E600C54310 /* EKObjectMapping+RKTCategory.m in Sources */ = {isa = PBXBuildFile; fileRef = 49BBFF4C1DEEC4E600C54310 /* EKObjectMapping+RKTCategory.m */; };
		8F0EFC45604C3B10DA7E670D /* libPods-RestKitTest.a in Frameworks */ = {isa = PBXBuildFile; fileRef = CB294A5C36FC56E09DBB2A3B /* libPods-RestKitTest.a */; };
/* End PBXBuildFile section */

/* Begin PBXContainerItemProxy section */
		136459571897C6C9003D8526 /* PBXContainerItemProxy */ = {
			isa = PBXContainerItemProxy;
			containerPortal = 136459291897C6C9003D8526 /* Project object */;
			proxyType = 1;
			remoteGlobalIDString = 136459301897C6C9003D8526;
			remoteInfo = RestKitTest;
		};
/* End PBXContainerItemProxy section */

/* Begin PBXCopyFilesBuildPhase section */
		49731A191DEFDE9100BBD05C /* CopyFiles */ = {
			isa = PBXCopyFilesBuildPhase;
			buildActionMask = 12;
			dstPath = resources;
			dstSubfolderSpec = 16;
			files = (
				49731A221DEFDEBF00BBD05C /* jsonData.json in CopyFiles */,
			);
			runOnlyForDeploymentPostprocessing = 0;
		};
/* End PBXCopyFilesBuildPhase section */

/* Begin PBXFileReference section */
		132DA95A18A50CF500BC3F95 /* BlocksHelper.h */ = {isa = PBXFileReference; fileEncoding = 4; lastKnownFileType = sourcecode.c.h; path = BlocksHelper.h; sourceTree = "<group>"; };
		132DA95B18A50CF500BC3F95 /* BlocksHelper.m */ = {isa = PBXFileReference; fileEncoding = 4; lastKnownFileType = sourcecode.c.objc; path = BlocksHelper.m; sourceTree = "<group>"; };
		132DA96018A50DD400BC3F95 /* RKTRestKitParsing.h */ = {isa = PBXFileReference; fileEncoding = 4; lastKnownFileType = sourcecode.c.h; path = RKTRestKitParsing.h; sourceTree = "<group>"; };
		132DA96118A50DD400BC3F95 /* RKTRestKitParsing.m */ = {isa = PBXFileReference; fileEncoding = 4; lastKnownFileType = sourcecode.c.objc; path = RKTRestKitParsing.m; sourceTree = "<group>"; };
		132DA96318A5120800BC3F95 /* RKTParsingOperator.h */ = {isa = PBXFileReference; fileEncoding = 4; lastKnownFileType = sourcecode.c.h; path = RKTParsingOperator.h; sourceTree = "<group>"; };
		132DA96418A5120800BC3F95 /* RKTParsingOperator.m */ = {isa = PBXFileReference; fileEncoding = 4; lastKnownFileType = sourcecode.c.objc; path = RKTParsingOperator.m; sourceTree = "<group>"; };
		132DA96618A5122A00BC3F95 /* RKTParsingResult.h */ = {isa = PBXFileReference; fileEncoding = 4; lastKnownFileType = sourcecode.c.h; path = RKTParsingResult.h; sourceTree = "<group>"; };
		132DA96718A5122A00BC3F95 /* RKTParsingResult.m */ = {isa = PBXFileReference; fileEncoding = 4; lastKnownFileType = sourcecode.c.objc; path = RKTParsingResult.m; sourceTree = "<group>"; };
		136459311897C6C9003D8526 /* RestKitTest.app */ = {isa = PBXFileReference; explicitFileType = wrapper.application; includeInIndex = 0; path = RestKitTest.app; sourceTree = BUILT_PRODUCTS_DIR; };
		136459341897C6C9003D8526 /* Foundation.framework */ = {isa = PBXFileReference; lastKnownFileType = wrapper.framework; name = Foundation.framework; path = System/Library/Frameworks/Foundation.framework; sourceTree = SDKROOT; };
		136459361897C6C9003D8526 /* CoreGraphics.framework */ = {isa = PBXFileReference; lastKnownFileType = wrapper.framework; name = CoreGraphics.framework; path = System/Library/Frameworks/CoreGraphics.framework; sourceTree = SDKROOT; };
		136459381897C6C9003D8526 /* UIKit.framework */ = {isa = PBXFileReference; lastKnownFileType = wrapper.framework; name = UIKit.framework; path = System/Library/Frameworks/UIKit.framework; sourceTree = SDKROOT; };
		1364593C1897C6C9003D8526 /* RestKitTest-Info.plist */ = {isa = PBXFileReference; lastKnownFileType = text.plist.xml; path = "RestKitTest-Info.plist"; sourceTree = "<group>"; };
		1364593E1897C6C9003D8526 /* en */ = {isa = PBXFileReference; lastKnownFileType = text.plist.strings; name = en; path = en.lproj/InfoPlist.strings; sourceTree = "<group>"; };
		136459401897C6C9003D8526 /* main.m */ = {isa = PBXFileReference; lastKnownFileType = sourcecode.c.objc; path = main.m; sourceTree = "<group>"; };
		136459421897C6C9003D8526 /* RestKitTest-Prefix.pch */ = {isa = PBXFileReference; lastKnownFileType = sourcecode.c.h; path = "RestKitTest-Prefix.pch"; sourceTree = "<group>"; };
		136459431897C6C9003D8526 /* RKTAppDelegate.h */ = {isa = PBXFileReference; lastKnownFileType = sourcecode.c.h; path = RKTAppDelegate.h; sourceTree = "<group>"; };
		136459441897C6C9003D8526 /* RKTAppDelegate.m */ = {isa = PBXFileReference; lastKnownFileType = sourcecode.c.objc; path = RKTAppDelegate.m; sourceTree = "<group>"; };
		136459491897C6C9003D8526 /* RKTViewController.h */ = {isa = PBXFileReference; lastKnownFileType = sourcecode.c.h; path = RKTViewController.h; sourceTree = "<group>"; };
		1364594A1897C6C9003D8526 /* RKTViewController.m */ = {isa = PBXFileReference; lastKnownFileType = sourcecode.c.objc; path = RKTViewController.m; sourceTree = "<group>"; };
		1364594C1897C6C9003D8526 /* Images.xcassets */ = {isa = PBXFileReference; lastKnownFileType = folder.assetcatalog; path = Images.xcassets; sourceTree = "<group>"; };
		136459521897C6C9003D8526 /* RestKitTestTests.xctest */ = {isa = PBXFileReference; explicitFileType = wrapper.cfbundle; includeInIndex = 0; path = RestKitTestTests.xctest; sourceTree = BUILT_PRODUCTS_DIR; };
		136459531897C6C9003D8526 /* XCTest.framework */ = {isa = PBXFileReference; lastKnownFileType = wrapper.framework; name = XCTest.framework; path = Library/Frameworks/XCTest.framework; sourceTree = DEVELOPER_DIR; };
		1364595B1897C6C9003D8526 /* RestKitTestTests-Info.plist */ = {isa = PBXFileReference; lastKnownFileType = text.plist.xml; path = "RestKitTestTests-Info.plist"; sourceTree = "<group>"; };
		1364595D1897C6C9003D8526 /* en */ = {isa = PBXFileReference; lastKnownFileType = text.plist.strings; name = en; path = en.lproj/InfoPlist.strings; sourceTree = "<group>"; };
		1364595F1897C6C9003D8526 /* RestKitTestTests.m */ = {isa = PBXFileReference; lastKnownFileType = sourcecode.c.objc; path = RestKitTestTests.m; sourceTree = "<group>"; };
		136459CB1897C76A003D8526 /* MappingFactory.h */ = {isa = PBXFileReference; fileEncoding = 4; lastKnownFileType = sourcecode.c.h; name = MappingFactory.h; path = private/MappingFactory.h; sourceTree = "<group>"; };
		136459CC1897C76A003D8526 /* MappingFactory.m */ = {isa = PBXFileReference; fileEncoding = 4; lastKnownFileType = sourcecode.c.objc; name = MappingFactory.m; path = private/MappingFactory.m; sourceTree = "<group>"; };
		136459F01897C76A003D8526 /* MEActivityComment.h */ = {isa = PBXFileReference; fileEncoding = 4; lastKnownFileType = sourcecode.c.h; path = MEActivityComment.h; sourceTree = "<group>"; };
		136459F11897C76A003D8526 /* MEActivityComment.m */ = {isa = PBXFileReference; fileEncoding = 4; lastKnownFileType = sourcecode.c.objc; path = MEActivityComment.m; sourceTree = "<group>"; };
		136459F41897C76A003D8526 /* MEActivityCommentMention.h */ = {isa = PBXFileReference; fileEncoding = 4; lastKnownFileType = sourcecode.c.h; path = MEActivityCommentMention.h; sourceTree = "<group>"; };
		136459F51897C76A003D8526 /* MEActivityCommentMention.m */ = {isa = PBXFileReference; fileEncoding = 4; lastKnownFileType = sourcecode.c.objc; path = MEActivityCommentMention.m; sourceTree = "<group>"; };
		136459F61897C76A003D8526 /* MEActivityCommentProfile.h */ = {isa = PBXFileReference; fileEncoding = 4; lastKnownFileType = sourcecode.c.h; path = MEActivityCommentProfile.h; sourceTree = "<group>"; };
		136459F71897C76A003D8526 /* MEActivityCommentProfile.m */ = {isa = PBXFileReference; fileEncoding = 4; lastKnownFileType = sourcecode.c.objc; path = MEActivityCommentProfile.m; sourceTree = "<group>"; };
		136459FA1897C76A003D8526 /* MEActivityObject.h */ = {isa = PBXFileReference; fileEncoding = 4; lastKnownFileType = sourcecode.c.h; path = MEActivityObject.h; sourceTree = "<group>"; };
		136459FB1897C76A003D8526 /* MEActivityObject.m */ = {isa = PBXFileReference; fileEncoding = 4; lastKnownFileType = sourcecode.c.objc; path = MEActivityObject.m; sourceTree = "<group>"; };
		136459FC1897C76A003D8526 /* MEActivityObjectPhoto.h */ = {isa = PBXFileReference; fileEncoding = 4; lastKnownFileType = sourcecode.c.h; path = MEActivityObjectPhoto.h; sourceTree = "<group>"; };
		136459FD1897C76A003D8526 /* MEActivityObjectPhoto.m */ = {isa = PBXFileReference; fileEncoding = 4; lastKnownFileType = sourcecode.c.objc; path = MEActivityObjectPhoto.m; sourceTree = "<group>"; };
		136459FE1897C76A003D8526 /* MEActivityObjectPhotoTag.h */ = {isa = PBXFileReference; fileEncoding = 4; lastKnownFileType = sourcecode.c.h; path = MEActivityObjectPhotoTag.h; sourceTree = "<group>"; };
		136459FF1897C76A003D8526 /* MEActivityObjectPhotoTag.m */ = {isa = PBXFileReference; fileEncoding = 4; lastKnownFileType = sourcecode.c.objc; path = MEActivityObjectPhotoTag.m; sourceTree = "<group>"; };
		13645A001897C76A003D8526 /* MEActivityObjectPoll.h */ = {isa = PBXFileReference; fileEncoding = 4; lastKnownFileType = sourcecode.c.h; path = MEActivityObjectPoll.h; sourceTree = "<group>"; };
		13645A011897C76A003D8526 /* MEActivityObjectPoll.m */ = {isa = PBXFileReference; fileEncoding = 4; lastKnownFileType = sourcecode.c.objc; path = MEActivityObjectPoll.m; sourceTree = "<group>"; };
		13645A021897C76A003D8526 /* MEActivityObjectPollPhoto.h */ = {isa = PBXFileReference; fileEncoding = 4; lastKnownFileType = sourcecode.c.h; path = MEActivityObjectPollPhoto.h; sourceTree = "<group>"; };
		13645A031897C76A003D8526 /* MEActivityObjectPollPhoto.m */ = {isa = PBXFileReference; fileEncoding = 4; lastKnownFileType = sourcecode.c.objc; path = MEActivityObjectPollPhoto.m; sourceTree = "<group>"; };
		13645A081897C76A003D8526 /* MEActivityObjectsList.h */ = {isa = PBXFileReference; fileEncoding = 4; lastKnownFileType = sourcecode.c.h; path = MEActivityObjectsList.h; sourceTree = "<group>"; };
		13645A091897C76A003D8526 /* MEActivityObjectsList.m */ = {isa = PBXFileReference; fileEncoding = 4; lastKnownFileType = sourcecode.c.objc; path = MEActivityObjectsList.m; sourceTree = "<group>"; };
		13645A101897C76B003D8526 /* MEActivityUserProfile.h */ = {isa = PBXFileReference; fileEncoding = 4; lastKnownFileType = sourcecode.c.h; path = MEActivityUserProfile.h; sourceTree = "<group>"; };
		13645A111897C76B003D8526 /* MEActivityUserProfile.m */ = {isa = PBXFileReference; fileEncoding = 4; lastKnownFileType = sourcecode.c.objc; path = MEActivityUserProfile.m; sourceTree = "<group>"; };
		13645A121897C76B003D8526 /* MEAPIError.h */ = {isa = PBXFileReference; fileEncoding = 4; lastKnownFileType = sourcecode.c.h; path = MEAPIError.h; sourceTree = "<group>"; };
		13645A131897C76B003D8526 /* MEAPIError.m */ = {isa = PBXFileReference; fileEncoding = 4; lastKnownFileType = sourcecode.c.objc; path = MEAPIError.m; sourceTree = "<group>"; };
		13645A4A1897C76D003D8526 /* MEPhotoSize.h */ = {isa = PBXFileReference; fileEncoding = 4; lastKnownFileType = sourcecode.c.h; path = MEPhotoSize.h; sourceTree = "<group>"; };
		13645A4B1897C76D003D8526 /* MEPhotoSize.m */ = {isa = PBXFileReference; fileEncoding = 4; lastKnownFileType = sourcecode.c.objc; path = MEPhotoSize.m; sourceTree = "<group>"; };
		13645A5E1897C76D003D8526 /* MEServerResponse.h */ = {isa = PBXFileReference; fileEncoding = 4; lastKnownFileType = sourcecode.c.h; path = MEServerResponse.h; sourceTree = "<group>"; };
		13645A5F1897C76E003D8526 /* MEServerResponse.m */ = {isa = PBXFileReference; fileEncoding = 4; lastKnownFileType = sourcecode.c.objc; path = MEServerResponse.m; sourceTree = "<group>"; };
		13645A921897C770003D8526 /* Model.h */ = {isa = PBXFileReference; fileEncoding = 4; lastKnownFileType = sourcecode.c.h; path = Model.h; sourceTree = "<group>"; };
		13645B7D1897CCA9003D8526 /* SystemConfiguration.framework */ = {isa = PBXFileReference; lastKnownFileType = wrapper.framework; name = SystemConfiguration.framework; path = System/Library/Frameworks/SystemConfiguration.framework; sourceTree = SDKROOT; };
		13645B7F1897CCBF003D8526 /* CFNetwork.framework */ = {isa = PBXFileReference; lastKnownFileType = wrapper.framework; name = CFNetwork.framework; path = System/Library/Frameworks/CFNetwork.framework; sourceTree = SDKROOT; };
		13645B811897CCC5003D8526 /* CoreData.framework */ = {isa = PBXFileReference; lastKnownFileType = wrapper.framework; name = CoreData.framework; path = System/Library/Frameworks/CoreData.framework; sourceTree = SDKROOT; };
		13645B831897CCCE003D8526 /* MobileCoreServices.framework */ = {isa = PBXFileReference; lastKnownFileType = wrapper.framework; name = MobileCoreServices.framework; path = System/Library/Frameworks/MobileCoreServices.framework; sourceTree = SDKROOT; };
		13645B851897CCD7003D8526 /* Security.framework */ = {isa = PBXFileReference; lastKnownFileType = wrapper.framework; name = Security.framework; path = System/Library/Frameworks/Security.framework; sourceTree = SDKROOT; };
		13645B8B1897CEB3003D8526 /* Memory.h */ = {isa = PBXFileReference; fileEncoding = 4; lastKnownFileType = sourcecode.c.h; path = Memory.h; sourceTree = "<group>"; };
		13645B8C1897CEB3003D8526 /* Memory.m */ = {isa = PBXFileReference; fileEncoding = 4; lastKnownFileType = sourcecode.c.objc; path = Memory.m; sourceTree = "<group>"; };
		138BFA8118A88BCF00663195 /* RKTHandParsing.h */ = {isa = PBXFileReference; fileEncoding = 4; lastKnownFileType = sourcecode.c.h; path = RKTHandParsing.h; sourceTree = "<group>"; };
		138BFA8218A88BCF00663195 /* RKTHandParsing.m */ = {isa = PBXFileReference; fileEncoding = 4; lastKnownFileType = sourcecode.c.objc; path = RKTHandParsing.m; sourceTree = "<group>"; };
		138BFA8418A8938F00663195 /* EasyMappingFactory.h */ = {isa = PBXFileReference; fileEncoding = 4; lastKnownFileType = sourcecode.c.h; path = EasyMappingFactory.h; sourceTree = "<group>"; };
		138BFA8518A8938F00663195 /* EasyMappingFactory.m */ = {isa = PBXFileReference; fileEncoding = 4; lastKnownFileType = sourcecode.c.objc; path = EasyMappingFactory.m; sourceTree = "<group>"; };
		138BFA8718A8988A00663195 /* RKTEasyMappingParsing.h */ = {isa = PBXFileReference; fileEncoding = 4; lastKnownFileType = sourcecode.c.h; path = RKTEasyMappingParsing.h; sourceTree = "<group>"; };
		138BFA8818A8988A00663195 /* RKTEasyMappingParsing.m */ = {isa = PBXFileReference; fileEncoding = 4; lastKnownFileType = sourcecode.c.objc; path = RKTEasyMappingParsing.m; sourceTree = "<group>"; };
		13EB66B018A39626009D876C /* jsonData.json */ = {isa = PBXFileReference; fileEncoding = 4; lastKnownFileType = text.json; path = jsonData.json; sourceTree = "<group>"; };
		13EB6B1B18A39AFB009D876C /* RKTSourceProvider.h */ = {isa = PBXFileReference; fileEncoding = 4; lastKnownFileType = sourcecode.c.h; path = RKTSourceProvider.h; sourceTree = "<group>"; };
		13EB6B1C18A39AFB009D876C /* RKTSourceProvider.m */ = {isa = PBXFileReference; fileEncoding = 4; lastKnownFileType = sourcecode.c.objc; path = RKTSourceProvider.m; sourceTree = "<group>"; };
		13EB6B1E18A3A1B9009D876C /* RKTViewController.xib */ = {isa = PBXFileReference; fileEncoding = 4; lastKnownFileType = file.xib; path = RKTViewController.xib; sourceTree = "<group>"; };
		13EB6B2118A3A651009D876C /* RKTJsonViewController.h */ = {isa = PBXFileReference; fileEncoding = 4; lastKnownFileType = sourcecode.c.h; path = RKTJsonViewController.h; sourceTree = "<group>"; };
		13EB6B2218A3A651009D876C /* RKTJsonViewController.m */ = {isa = PBXFileReference; fileEncoding = 4; lastKnownFileType = sourcecode.c.objc; path = RKTJsonViewController.m; sourceTree = "<group>"; };
		13EB6B2418A3A662009D876C /* RKTJsonViewController.xib */ = {isa = PBXFileReference; fileEncoding = 4; lastKnownFileType = file.xib; path = RKTJsonViewController.xib; sourceTree = "<group>"; };
		13EB6B2618A3ABA6009D876C /* RKTParsingOperationBase.h */ = {isa = PBXFileReference; fileEncoding = 4; lastKnownFileType = sourcecode.c.h; path = RKTParsingOperationBase.h; sourceTree = "<group>"; };
		13EB6B2718A3ABA6009D876C /* RKTParsingOperationBase.m */ = {isa = PBXFileReference; fileEncoding = 4; lastKnownFileType = sourcecode.c.objc; path = RKTParsingOperationBase.m; sourceTree = "<group>"; };
		49731A1B1DEFDE9100BBD05C /* RKTJSonCut */ = {isa = PBXFileReference; explicitFileType = "compiled.mach-o.executable"; includeInIndex = 0; path = RKTJSonCut; sourceTree = BUILT_PRODUCTS_DIR; };
		49731A1D1DEFDE9100BBD05C /* main.m */ = {isa = PBXFileReference; lastKnownFileType = sourcecode.c.objc; path = main.m; sourceTree = "<group>"; };
		49BBFF4B1DEEC4E500C54310 /* EKObjectMapping+RKTCategory.h */ = {isa = PBXFileReference; fileEncoding = 4; lastKnownFileType = sourcecode.c.h; path = "EKObjectMapping+RKTCategory.h"; sourceTree = "<group>"; };
		49BBFF4C1DEEC4E600C54310 /* EKObjectMapping+RKTCategory.m */ = {isa = PBXFileReference; fileEncoding = 4; lastKnownFileType = sourcecode.c.objc; path = "EKObjectMapping+RKTCategory.m"; sourceTree = "<group>"; };
		5376A9F1A6371AF1967DA9FC /* Pods-RestKitTest.debug.xcconfig */ = {isa = PBXFileReference; includeInIndex = 1; lastKnownFileType = text.xcconfig; name = "Pods-RestKitTest.debug.xcconfig"; path = "Pods/Target Support Files/Pods-RestKitTest/Pods-RestKitTest.debug.xcconfig"; sourceTree = "<group>"; };
		81D6738EC917B2C19DAC7A04 /* Pods-RestKitTestTests.debug.xcconfig */ = {isa = PBXFileReference; includeInIndex = 1; lastKnownFileType = text.xcconfig; name = "Pods-RestKitTestTests.debug.xcconfig"; path = "Pods/Target Support Files/Pods-RestKitTestTests/Pods-RestKitTestTests.debug.xcconfig"; sourceTree = "<group>"; };
		9C85B8ACBBCC7CA8A475865B /* Pods-RestKitTestTests.release.xcconfig */ = {isa = PBXFileReference; includeInIndex = 1; lastKnownFileType = text.xcconfig; name = "Pods-RestKitTestTests.release.xcconfig"; path = "Pods/Target Support Files/Pods-RestKitTestTests/Pods-RestKitTestTests.release.xcconfig"; sourceTree = "<group>"; };
		A3B6622048DEB2E230181BE7 /* libPods-RestKitTestTests.a */ = {isa = PBXFileReference; explicitFileType = archive.ar; includeInIndex = 0; path = "libPods-RestKitTestTests.a"; sourceTree = BUILT_PRODUCTS_DIR; };
		CB294A5C36FC56E09DBB2A3B /* libPods-RestKitTest.a */ = {isa = PBXFileReference; explicitFileType = archive.ar; includeInIndex = 0; path = "libPods-RestKitTest.a"; sourceTree = BUILT_PRODUCTS_DIR; };
		E5DAFBE12BBD746D2C95D502 /* Pods-RestKitTest.release.xcconfig */ = {isa = PBXFileReference; includeInIndex = 1; lastKnownFileType = text.xcconfig; name = "Pods-RestKitTest.release.xcconfig"; path = "Pods/Target Support Files/Pods-RestKitTest/Pods-RestKitTest.release.xcconfig"; sourceTree = "<group>"; };
/* End PBXFileReference section */

/* Begin PBXFrameworksBuildPhase section */
		1364592E1897C6C9003D8526 /* Frameworks */ = {
			isa = PBXFrameworksBuildPhase;
			buildActionMask = 2147483647;
			files = (
				13645B861897CCD7003D8526 /* Security.framework in Frameworks */,
				13645B841897CCCE003D8526 /* MobileCoreServices.framework in Frameworks */,
				13645B821897CCC5003D8526 /* CoreData.framework in Frameworks */,
				13645B801897CCBF003D8526 /* CFNetwork.framework in Frameworks */,
				13645B7E1897CCA9003D8526 /* SystemConfiguration.framework in Frameworks */,
				136459371897C6C9003D8526 /* CoreGraphics.framework in Frameworks */,
				136459391897C6C9003D8526 /* UIKit.framework in Frameworks */,
				136459351897C6C9003D8526 /* Foundation.framework in Frameworks */,
				8F0EFC45604C3B10DA7E670D /* libPods-RestKitTest.a in Frameworks */,
			);
			runOnlyForDeploymentPostprocessing = 0;
		};
		1364594F1897C6C9003D8526 /* Frameworks */ = {
			isa = PBXFrameworksBuildPhase;
			buildActionMask = 2147483647;
			files = (
				136459541897C6C9003D8526 /* XCTest.framework in Frameworks */,
				136459561897C6C9003D8526 /* UIKit.framework in Frameworks */,
				136459551897C6C9003D8526 /* Foundation.framework in Frameworks */,
				2EB13DB8F1F5F90E34BCE4C1 /* libPods-RestKitTestTests.a in Frameworks */,
			);
			runOnlyForDeploymentPostprocessing = 0;
		};
		49731A181DEFDE9100BBD05C /* Frameworks */ = {
			isa = PBXFrameworksBuildPhase;
			buildActionMask = 2147483647;
			files = (
			);
			runOnlyForDeploymentPostprocessing = 0;
		};
/* End PBXFrameworksBuildPhase section */

/* Begin PBXGroup section */
		132DA95918A50CF500BC3F95 /* Blocks */ = {
			isa = PBXGroup;
			children = (
				132DA95A18A50CF500BC3F95 /* BlocksHelper.h */,
				132DA95B18A50CF500BC3F95 /* BlocksHelper.m */,
			);
			name = Blocks;
			path = libs/Blocks;
			sourceTree = SOURCE_ROOT;
		};
		136459281897C6C9003D8526 = {
			isa = PBXGroup;
			children = (
				13EB66AF18A39626009D876C /* resourses */,
				1364593A1897C6C9003D8526 /* RestKitTest */,
				136459591897C6C9003D8526 /* RestKitTestTests */,
				49731A1C1DEFDE9100BBD05C /* RKTJSonCut */,
				136459331897C6C9003D8526 /* Frameworks */,
				136459321897C6C9003D8526 /* Products */,
				22440350598720C690D1B506 /* Pods */,
			);
			sourceTree = "<group>";
		};
		136459321897C6C9003D8526 /* Products */ = {
			isa = PBXGroup;
			children = (
				136459311897C6C9003D8526 /* RestKitTest.app */,
				136459521897C6C9003D8526 /* RestKitTestTests.xctest */,
				49731A1B1DEFDE9100BBD05C /* RKTJSonCut */,
			);
			name = Products;
			sourceTree = "<group>";
		};
		136459331897C6C9003D8526 /* Frameworks */ = {
			isa = PBXGroup;
			children = (
				13645B851897CCD7003D8526 /* Security.framework */,
				13645B831897CCCE003D8526 /* MobileCoreServices.framework */,
				13645B811897CCC5003D8526 /* CoreData.framework */,
				13645B7F1897CCBF003D8526 /* CFNetwork.framework */,
				13645B7D1897CCA9003D8526 /* SystemConfiguration.framework */,
				136459341897C6C9003D8526 /* Foundation.framework */,
				136459361897C6C9003D8526 /* CoreGraphics.framework */,
				136459381897C6C9003D8526 /* UIKit.framework */,
				136459531897C6C9003D8526 /* XCTest.framework */,
				CB294A5C36FC56E09DBB2A3B /* libPods-RestKitTest.a */,
				A3B6622048DEB2E230181BE7 /* libPods-RestKitTestTests.a */,
			);
			name = Frameworks;
			sourceTree = "<group>";
		};
		1364593A1897C6C9003D8526 /* RestKitTest */ = {
			isa = PBXGroup;
			children = (
				132DA95918A50CF500BC3F95 /* Blocks */,
				13EB6B2018A3A399009D876C /* parsingoperations */,
				13645B8A1897CEB3003D8526 /* Memory */,
				1364597C1897C769003D8526 /* api */,
				136459EF1897C76A003D8526 /* modelelements */,
				136459431897C6C9003D8526 /* RKTAppDelegate.h */,
				136459441897C6C9003D8526 /* RKTAppDelegate.m */,
				132DA96318A5120800BC3F95 /* RKTParsingOperator.h */,
				132DA96418A5120800BC3F95 /* RKTParsingOperator.m */,
				132DA96618A5122A00BC3F95 /* RKTParsingResult.h */,
				132DA96718A5122A00BC3F95 /* RKTParsingResult.m */,
				136459491897C6C9003D8526 /* RKTViewController.h */,
				1364594A1897C6C9003D8526 /* RKTViewController.m */,
				13EB6B1E18A3A1B9009D876C /* RKTViewController.xib */,
				13EB6B2118A3A651009D876C /* RKTJsonViewController.h */,
				13EB6B2218A3A651009D876C /* RKTJsonViewController.m */,
				13EB6B2418A3A662009D876C /* RKTJsonViewController.xib */,
				13EB6B1B18A39AFB009D876C /* RKTSourceProvider.h */,
				13EB6B1C18A39AFB009D876C /* RKTSourceProvider.m */,
				1364594C1897C6C9003D8526 /* Images.xcassets */,
				1364593B1897C6C9003D8526 /* Supporting Files */,
			);
			path = RestKitTest;
			sourceTree = "<group>";
		};
		1364593B1897C6C9003D8526 /* Supporting Files */ = {
			isa = PBXGroup;
			children = (
				1364593C1897C6C9003D8526 /* RestKitTest-Info.plist */,
				1364593D1897C6C9003D8526 /* InfoPlist.strings */,
				136459401897C6C9003D8526 /* main.m */,
				136459421897C6C9003D8526 /* RestKitTest-Prefix.pch */,
			);
			name = "Supporting Files";
			sourceTree = "<group>";
		};
		136459591897C6C9003D8526 /* RestKitTestTests */ = {
			isa = PBXGroup;
			children = (
				1364595F1897C6C9003D8526 /* RestKitTestTests.m */,
				1364595A1897C6C9003D8526 /* Supporting Files */,
			);
			path = RestKitTestTests;
			sourceTree = "<group>";
		};
		1364595A1897C6C9003D8526 /* Supporting Files */ = {
			isa = PBXGroup;
			children = (
				1364595B1897C6C9003D8526 /* RestKitTestTests-Info.plist */,
				1364595C1897C6C9003D8526 /* InfoPlist.strings */,
			);
			name = "Supporting Files";
			sourceTree = "<group>";
		};
		1364597C1897C769003D8526 /* api */ = {
			isa = PBXGroup;
			children = (
				136459CB1897C76A003D8526 /* MappingFactory.h */,
				136459CC1897C76A003D8526 /* MappingFactory.m */,
				138BFA8418A8938F00663195 /* EasyMappingFactory.h */,
				138BFA8518A8938F00663195 /* EasyMappingFactory.m */,
				49BBFF4B1DEEC4E500C54310 /* EKObjectMapping+RKTCategory.h */,
				49BBFF4C1DEEC4E600C54310 /* EKObjectMapping+RKTCategory.m */,
			);
			path = api;
			sourceTree = "<group>";
		};
		136459EF1897C76A003D8526 /* modelelements */ = {
			isa = PBXGroup;
			children = (
				136459F01897C76A003D8526 /* MEActivityComment.h */,
				136459F11897C76A003D8526 /* MEActivityComment.m */,
				136459F41897C76A003D8526 /* MEActivityCommentMention.h */,
				136459F51897C76A003D8526 /* MEActivityCommentMention.m */,
				136459F61897C76A003D8526 /* MEActivityCommentProfile.h */,
				136459F71897C76A003D8526 /* MEActivityCommentProfile.m */,
				136459FA1897C76A003D8526 /* MEActivityObject.h */,
				136459FB1897C76A003D8526 /* MEActivityObject.m */,
				136459FC1897C76A003D8526 /* MEActivityObjectPhoto.h */,
				136459FD1897C76A003D8526 /* MEActivityObjectPhoto.m */,
				136459FE1897C76A003D8526 /* MEActivityObjectPhotoTag.h */,
				136459FF1897C76A003D8526 /* MEActivityObjectPhotoTag.m */,
				13645A001897C76A003D8526 /* MEActivityObjectPoll.h */,
				13645A011897C76A003D8526 /* MEActivityObjectPoll.m */,
				13645A021897C76A003D8526 /* MEActivityObjectPollPhoto.h */,
				13645A031897C76A003D8526 /* MEActivityObjectPollPhoto.m */,
				13645A081897C76A003D8526 /* MEActivityObjectsList.h */,
				13645A091897C76A003D8526 /* MEActivityObjectsList.m */,
				13645A101897C76B003D8526 /* MEActivityUserProfile.h */,
				13645A111897C76B003D8526 /* MEActivityUserProfile.m */,
				13645A121897C76B003D8526 /* MEAPIError.h */,
				13645A131897C76B003D8526 /* MEAPIError.m */,
				13645A4A1897C76D003D8526 /* MEPhotoSize.h */,
				13645A4B1897C76D003D8526 /* MEPhotoSize.m */,
				13645A5E1897C76D003D8526 /* MEServerResponse.h */,
				13645A5F1897C76E003D8526 /* MEServerResponse.m */,
				13645A921897C770003D8526 /* Model.h */,
			);
			path = modelelements;
			sourceTree = "<group>";
		};
		13645B8A1897CEB3003D8526 /* Memory */ = {
			isa = PBXGroup;
			children = (
				13645B8B1897CEB3003D8526 /* Memory.h */,
				13645B8C1897CEB3003D8526 /* Memory.m */,
			);
			name = Memory;
			path = libs/Memory;
			sourceTree = SOURCE_ROOT;
		};
		13EB66AF18A39626009D876C /* resourses */ = {
			isa = PBXGroup;
			children = (
				13EB66B018A39626009D876C /* jsonData.json */,
			);
			path = resourses;
			sourceTree = "<group>";
		};
		13EB6B2018A3A399009D876C /* parsingoperations */ = {
			isa = PBXGroup;
			children = (
				13EB6B2618A3ABA6009D876C /* RKTParsingOperationBase.h */,
				13EB6B2718A3ABA6009D876C /* RKTParsingOperationBase.m */,
				132DA96018A50DD400BC3F95 /* RKTRestKitParsing.h */,
				132DA96118A50DD400BC3F95 /* RKTRestKitParsing.m */,
				138BFA8118A88BCF00663195 /* RKTHandParsing.h */,
				138BFA8218A88BCF00663195 /* RKTHandParsing.m */,
				138BFA8718A8988A00663195 /* RKTEasyMappingParsing.h */,
				138BFA8818A8988A00663195 /* RKTEasyMappingParsing.m */,
			);
			path = parsingoperations;
			sourceTree = "<group>";
		};
		22440350598720C690D1B506 /* Pods */ = {
			isa = PBXGroup;
			children = (
				5376A9F1A6371AF1967DA9FC /* Pods-RestKitTest.debug.xcconfig */,
				E5DAFBE12BBD746D2C95D502 /* Pods-RestKitTest.release.xcconfig */,
				81D6738EC917B2C19DAC7A04 /* Pods-RestKitTestTests.debug.xcconfig */,
				9C85B8ACBBCC7CA8A475865B /* Pods-RestKitTestTests.release.xcconfig */,
			);
			name = Pods;
			sourceTree = "<group>";
		};
		49731A1C1DEFDE9100BBD05C /* RKTJSonCut */ = {
			isa = PBXGroup;
			children = (
				49731A1D1DEFDE9100BBD05C /* main.m */,
			);
			path = RKTJSonCut;
			sourceTree = "<group>";
		};
/* End PBXGroup section */

/* Begin PBXNativeTarget section */
		136459301897C6C9003D8526 /* RestKitTest */ = {
			isa = PBXNativeTarget;
			buildConfigurationList = 136459631897C6C9003D8526 /* Build configuration list for PBXNativeTarget "RestKitTest" */;
			buildPhases = (
				066FB787F8A99AEBE50C6D4B /* [CP] Check Pods Manifest.lock */,
				1364592D1897C6C9003D8526 /* Sources */,
				1364592E1897C6C9003D8526 /* Frameworks */,
				1364592F1897C6C9003D8526 /* Resources */,
				8FE655DE31164E892C437CFE /* [CP] Embed Pods Frameworks */,
				21104EFDD764EC728E4F0226 /* [CP] Copy Pods Resources */,
			);
			buildRules = (
			);
			dependencies = (
			);
			name = RestKitTest;
			productName = RestKitTest;
			productReference = 136459311897C6C9003D8526 /* RestKitTest.app */;
			productType = "com.apple.product-type.application";
		};
		136459511897C6C9003D8526 /* RestKitTestTests */ = {
			isa = PBXNativeTarget;
			buildConfigurationList = 136459661897C6C9003D8526 /* Build configuration list for PBXNativeTarget "RestKitTestTests" */;
			buildPhases = (
				238AC38C5E2DB15C78D4BA74 /* [CP] Check Pods Manifest.lock */,
				1364594E1897C6C9003D8526 /* Sources */,
				1364594F1897C6C9003D8526 /* Frameworks */,
				136459501897C6C9003D8526 /* Resources */,
				84A2676AEA7535F4D40D1AF4 /* [CP] Embed Pods Frameworks */,
				1937003B2CAF26B6BF52C991 /* [CP] Copy Pods Resources */,
			);
			buildRules = (
			);
			dependencies = (
				136459581897C6C9003D8526 /* PBXTargetDependency */,
			);
			name = RestKitTestTests;
			productName = RestKitTestTests;
			productReference = 136459521897C6C9003D8526 /* RestKitTestTests.xctest */;
			productType = "com.apple.product-type.bundle.unit-test";
		};
		49731A1A1DEFDE9100BBD05C /* RKTJSonCut */ = {
			isa = PBXNativeTarget;
			buildConfigurationList = 49731A211DEFDE9100BBD05C /* Build configuration list for PBXNativeTarget "RKTJSonCut" */;
			buildPhases = (
				49731A171DEFDE9100BBD05C /* Sources */,
				49731A181DEFDE9100BBD05C /* Frameworks */,
				49731A191DEFDE9100BBD05C /* CopyFiles */,
			);
			buildRules = (
			);
			dependencies = (
			);
			name = RKTJSonCut;
			productName = RKTJSonCut;
			productReference = 49731A1B1DEFDE9100BBD05C /* RKTJSonCut */;
			productType = "com.apple.product-type.tool";
		};
/* End PBXNativeTarget section */

/* Begin PBXProject section */
		136459291897C6C9003D8526 /* Project object */ = {
			isa = PBXProject;
			attributes = {
				CLASSPREFIX = RKT;
				LastUpgradeCheck = 0810;
				ORGANIZATIONNAME = "Andrew Romanov";
				TargetAttributes = {
					136459301897C6C9003D8526 = {
						DevelopmentTeam = BNNY5D4LGB;
					};
					136459511897C6C9003D8526 = {
						TestTargetID = 136459301897C6C9003D8526;
					};
					49731A1A1DEFDE9100BBD05C = {
						CreatedOnToolsVersion = 8.1;
						DevelopmentTeam = BNNY5D4LGB;
						ProvisioningStyle = Automatic;
					};
				};
			};
			buildConfigurationList = 1364592C1897C6C9003D8526 /* Build configuration list for PBXProject "RestKitTest" */;
			compatibilityVersion = "Xcode 3.2";
			developmentRegion = English;
			hasScannedForEncodings = 0;
			knownRegions = (
				en,
				Base,
			);
			mainGroup = 136459281897C6C9003D8526;
			productRefGroup = 136459321897C6C9003D8526 /* Products */;
			projectDirPath = "";
			projectRoot = "";
			targets = (
				136459301897C6C9003D8526 /* RestKitTest */,
				136459511897C6C9003D8526 /* RestKitTestTests */,
				49731A1A1DEFDE9100BBD05C /* RKTJSonCut */,
			);
		};
/* End PBXProject section */

/* Begin PBXResourcesBuildPhase section */
		1364592F1897C6C9003D8526 /* Resources */ = {
			isa = PBXResourcesBuildPhase;
			buildActionMask = 2147483647;
			files = (
				1364594D1897C6C9003D8526 /* Images.xcassets in Resources */,
				13EB66B118A39626009D876C /* jsonData.json in Resources */,
				13EB6B2518A3A662009D876C /* RKTJsonViewController.xib in Resources */,
				13EB6B1F18A3A1B9009D876C /* RKTViewController.xib in Resources */,
				1364593F1897C6C9003D8526 /* InfoPlist.strings in Resources */,
			);
			runOnlyForDeploymentPostprocessing = 0;
		};
		136459501897C6C9003D8526 /* Resources */ = {
			isa = PBXResourcesBuildPhase;
			buildActionMask = 2147483647;
			files = (
				1364595E1897C6C9003D8526 /* InfoPlist.strings in Resources */,
			);
			runOnlyForDeploymentPostprocessing = 0;
		};
/* End PBXResourcesBuildPhase section */

/* Begin PBXShellScriptBuildPhase section */
		066FB787F8A99AEBE50C6D4B /* [CP] Check Pods Manifest.lock */ = {
			isa = PBXShellScriptBuildPhase;
			buildActionMask = 2147483647;
			files = (
			);
			inputPaths = (
			);
			name = "[CP] Check Pods Manifest.lock";
			outputPaths = (
			);
			runOnlyForDeploymentPostprocessing = 0;
			shellPath = /bin/sh;
			shellScript = "diff \"${PODS_ROOT}/../Podfile.lock\" \"${PODS_ROOT}/Manifest.lock\" > /dev/null\nif [ $? != 0 ] ; then\n    # print error to STDERR\n    echo \"error: The sandbox is not in sync with the Podfile.lock. Run 'pod install' or update your CocoaPods installation.\" >&2\n    exit 1\nfi\n";
			showEnvVarsInLog = 0;
		};
		1937003B2CAF26B6BF52C991 /* [CP] Copy Pods Resources */ = {
			isa = PBXShellScriptBuildPhase;
			buildActionMask = 2147483647;
			files = (
			);
			inputPaths = (
			);
			name = "[CP] Copy Pods Resources";
			outputPaths = (
			);
			runOnlyForDeploymentPostprocessing = 0;
			shellPath = /bin/sh;
			shellScript = "\"${SRCROOT}/Pods/Target Support Files/Pods-RestKitTestTests/Pods-RestKitTestTests-resources.sh\"\n";
			showEnvVarsInLog = 0;
		};
		21104EFDD764EC728E4F0226 /* [CP] Copy Pods Resources */ = {
			isa = PBXShellScriptBuildPhase;
			buildActionMask = 2147483647;
			files = (
			);
			inputPaths = (
			);
			name = "[CP] Copy Pods Resources";
			outputPaths = (
			);
			runOnlyForDeploymentPostprocessing = 0;
			shellPath = /bin/sh;
			shellScript = "\"${SRCROOT}/Pods/Target Support Files/Pods-RestKitTest/Pods-RestKitTest-resources.sh\"\n";
			showEnvVarsInLog = 0;
		};
		238AC38C5E2DB15C78D4BA74 /* [CP] Check Pods Manifest.lock */ = {
			isa = PBXShellScriptBuildPhase;
			buildActionMask = 2147483647;
			files = (
			);
			inputPaths = (
			);
			name = "[CP] Check Pods Manifest.lock";
			outputPaths = (
			);
			runOnlyForDeploymentPostprocessing = 0;
			shellPath = /bin/sh;
			shellScript = "diff \"${PODS_ROOT}/../Podfile.lock\" \"${PODS_ROOT}/Manifest.lock\" > /dev/null\nif [ $? != 0 ] ; then\n    # print error to STDERR\n    echo \"error: The sandbox is not in sync with the Podfile.lock. Run 'pod install' or update your CocoaPods installation.\" >&2\n    exit 1\nfi\n";
			showEnvVarsInLog = 0;
		};
		84A2676AEA7535F4D40D1AF4 /* [CP] Embed Pods Frameworks */ = {
			isa = PBXShellScriptBuildPhase;
			buildActionMask = 2147483647;
			files = (
			);
			inputPaths = (
			);
			name = "[CP] Embed Pods Frameworks";
			outputPaths = (
			);
			runOnlyForDeploymentPostprocessing = 0;
			shellPath = /bin/sh;
			shellScript = "\"${SRCROOT}/Pods/Target Support Files/Pods-RestKitTestTests/Pods-RestKitTestTests-frameworks.sh\"\n";
			showEnvVarsInLog = 0;
		};
		8FE655DE31164E892C437CFE /* [CP] Embed Pods Frameworks */ = {
			isa = PBXShellScriptBuildPhase;
			buildActionMask = 2147483647;
			files = (
			);
			inputPaths = (
			);
			name = "[CP] Embed Pods Frameworks";
			outputPaths = (
			);
			runOnlyForDeploymentPostprocessing = 0;
			shellPath = /bin/sh;
			shellScript = "\"${SRCROOT}/Pods/Target Support Files/Pods-RestKitTest/Pods-RestKitTest-frameworks.sh\"\n";
			showEnvVarsInLog = 0;
		};
/* End PBXShellScriptBuildPhase section */

/* Begin PBXSourcesBuildPhase section */
		1364592D1897C6C9003D8526 /* Sources */ = {
			isa = PBXSourcesBuildPhase;
			buildActionMask = 2147483647;
			files = (
				13645AF81897C772003D8526 /* MEActivityObjectPhoto.m in Sources */,
				13645AF51897C772003D8526 /* MEActivityCommentProfile.m in Sources */,
				13645B021897C772003D8526 /* MEActivityUserProfile.m in Sources */,
				13645B1F1897C772003D8526 /* MEPhotoSize.m in Sources */,
				132DA96218A50DD400BC3F95 /* RKTRestKitParsing.m in Sources */,
				1364594B1897C6C9003D8526 /* RKTViewController.m in Sources */,
				132DA96518A5120800BC3F95 /* RKTParsingOperator.m in Sources */,
				132DA95C18A50CF500BC3F95 /* BlocksHelper.m in Sources */,
				138BFA8318A88BCF00663195 /* RKTHandParsing.m in Sources */,
				13645AFE1897C772003D8526 /* MEActivityObjectsList.m in Sources */,
				138BFA8918A8988A00663195 /* RKTEasyMappingParsing.m in Sources */,
				13645AFB1897C772003D8526 /* MEActivityObjectPollPhoto.m in Sources */,
				132DA96818A5122A00BC3F95 /* RKTParsingResult.m in Sources */,
				13EB6B1D18A39AFB009D876C /* RKTSourceProvider.m in Sources */,
				13645AF41897C772003D8526 /* MEActivityCommentMention.m in Sources */,
				138BFA8618A8938F00663195 /* EasyMappingFactory.m in Sources */,
				13645AFA1897C772003D8526 /* MEActivityObjectPoll.m in Sources */,
				13645AF91897C772003D8526 /* MEActivityObjectPhotoTag.m in Sources */,
				13EB6B2318A3A651009D876C /* RKTJsonViewController.m in Sources */,
				13645AF71897C772003D8526 /* MEActivityObject.m in Sources */,
				136459451897C6C9003D8526 /* RKTAppDelegate.m in Sources */,
				13645B031897C772003D8526 /* MEAPIError.m in Sources */,
				13645AE31897C772003D8526 /* MappingFactory.m in Sources */,
				13645AF21897C772003D8526 /* MEActivityComment.m in Sources */,
				13EB6B2818A3ABA6009D876C /* RKTParsingOperationBase.m in Sources */,
				13645B291897C772003D8526 /* MEServerResponse.m in Sources */,
				49BBFF4D1DEEC4E600C54310 /* EKObjectMapping+RKTCategory.m in Sources */,
				136459411897C6C9003D8526 /* main.m in Sources */,
				13645B8D1897CEB3003D8526 /* Memory.m in Sources */,
			);
			runOnlyForDeploymentPostprocessing = 0;
		};
		1364594E1897C6C9003D8526 /* Sources */ = {
			isa = PBXSourcesBuildPhase;
			buildActionMask = 2147483647;
			files = (
				136459601897C6C9003D8526 /* RestKitTestTests.m in Sources */,
			);
			runOnlyForDeploymentPostprocessing = 0;
		};
		49731A171DEFDE9100BBD05C /* Sources */ = {
			isa = PBXSourcesBuildPhase;
			buildActionMask = 2147483647;
			files = (
				49731A1E1DEFDE9100BBD05C /* main.m in Sources */,
			);
			runOnlyForDeploymentPostprocessing = 0;
		};
/* End PBXSourcesBuildPhase section */

/* Begin PBXTargetDependency section */
		136459581897C6C9003D8526 /* PBXTargetDependency */ = {
			isa = PBXTargetDependency;
			target = 136459301897C6C9003D8526 /* RestKitTest */;
			targetProxy = 136459571897C6C9003D8526 /* PBXContainerItemProxy */;
		};
/* End PBXTargetDependency section */

/* Begin PBXVariantGroup section */
		1364593D1897C6C9003D8526 /* InfoPlist.strings */ = {
			isa = PBXVariantGroup;
			children = (
				1364593E1897C6C9003D8526 /* en */,
			);
			name = InfoPlist.strings;
			sourceTree = "<group>";
		};
		1364595C1897C6C9003D8526 /* InfoPlist.strings */ = {
			isa = PBXVariantGroup;
			children = (
				1364595D1897C6C9003D8526 /* en */,
			);
			name = InfoPlist.strings;
			sourceTree = "<group>";
		};
/* End PBXVariantGroup section */

/* Begin XCBuildConfiguration section */
		136459611897C6C9003D8526 /* Debug */ = {
			isa = XCBuildConfiguration;
			buildSettings = {
				ALWAYS_SEARCH_USER_PATHS = NO;
				CLANG_CXX_LANGUAGE_STANDARD = "gnu++0x";
				CLANG_CXX_LIBRARY = "libc++";
				CLANG_ENABLE_MODULES = YES;
				CLANG_ENABLE_OBJC_ARC = YES;
				CLANG_WARN_BOOL_CONVERSION = YES;
				CLANG_WARN_CONSTANT_CONVERSION = YES;
				CLANG_WARN_DIRECT_OBJC_ISA_USAGE = YES_ERROR;
				CLANG_WARN_EMPTY_BODY = YES;
				CLANG_WARN_ENUM_CONVERSION = YES;
				CLANG_WARN_INFINITE_RECURSION = YES;
				CLANG_WARN_INT_CONVERSION = YES;
				CLANG_WARN_OBJC_ROOT_CLASS = YES_ERROR;
				CLANG_WARN_SUSPICIOUS_MOVE = YES;
				CLANG_WARN_UNREACHABLE_CODE = YES;
				CLANG_WARN__DUPLICATE_METHOD_MATCH = YES;
				"CODE_SIGN_IDENTITY[sdk=iphoneos*]" = "iPhone Developer";
				COPY_PHASE_STRIP = NO;
				ENABLE_STRICT_OBJC_MSGSEND = YES;
				ENABLE_TESTABILITY = YES;
				GCC_C_LANGUAGE_STANDARD = gnu99;
				GCC_DYNAMIC_NO_PIC = NO;
				GCC_NO_COMMON_BLOCKS = YES;
				GCC_OPTIMIZATION_LEVEL = 0;
				GCC_PREPROCESSOR_DEFINITIONS = (
					"DEBUG=1",
					"$(inherited)",
				);
				GCC_SYMBOLS_PRIVATE_EXTERN = NO;
				GCC_WARN_64_TO_32_BIT_CONVERSION = YES;
				GCC_WARN_ABOUT_RETURN_TYPE = YES_ERROR;
				GCC_WARN_UNDECLARED_SELECTOR = YES;
				GCC_WARN_UNINITIALIZED_AUTOS = YES;
				GCC_WARN_UNUSED_FUNCTION = YES;
				GCC_WARN_UNUSED_VARIABLE = YES;
				IPHONEOS_DEPLOYMENT_TARGET = 8.0;
				ONLY_ACTIVE_ARCH = YES;
				SDKROOT = iphoneos;
			};
			name = Debug;
		};
		136459621897C6C9003D8526 /* Release */ = {
			isa = XCBuildConfiguration;
			buildSettings = {
				ALWAYS_SEARCH_USER_PATHS = NO;
				CLANG_CXX_LANGUAGE_STANDARD = "gnu++0x";
				CLANG_CXX_LIBRARY = "libc++";
				CLANG_ENABLE_MODULES = YES;
				CLANG_ENABLE_OBJC_ARC = YES;
				CLANG_WARN_BOOL_CONVERSION = YES;
				CLANG_WARN_CONSTANT_CONVERSION = YES;
				CLANG_WARN_DIRECT_OBJC_ISA_USAGE = YES_ERROR;
				CLANG_WARN_EMPTY_BODY = YES;
				CLANG_WARN_ENUM_CONVERSION = YES;
				CLANG_WARN_INFINITE_RECURSION = YES;
				CLANG_WARN_INT_CONVERSION = YES;
				CLANG_WARN_OBJC_ROOT_CLASS = YES_ERROR;
				CLANG_WARN_SUSPICIOUS_MOVE = YES;
				CLANG_WARN_UNREACHABLE_CODE = YES;
				CLANG_WARN__DUPLICATE_METHOD_MATCH = YES;
				"CODE_SIGN_IDENTITY[sdk=iphoneos*]" = "iPhone Developer";
				COPY_PHASE_STRIP = YES;
				ENABLE_NS_ASSERTIONS = NO;
				ENABLE_STRICT_OBJC_MSGSEND = YES;
				GCC_C_LANGUAGE_STANDARD = gnu99;
				GCC_NO_COMMON_BLOCKS = YES;
				GCC_WARN_64_TO_32_BIT_CONVERSION = YES;
				GCC_WARN_ABOUT_RETURN_TYPE = YES_ERROR;
				GCC_WARN_UNDECLARED_SELECTOR = YES;
				GCC_WARN_UNINITIALIZED_AUTOS = YES;
				GCC_WARN_UNUSED_FUNCTION = YES;
				GCC_WARN_UNUSED_VARIABLE = YES;
				IPHONEOS_DEPLOYMENT_TARGET = 8.0;
				SDKROOT = iphoneos;
				VALIDATE_PRODUCT = YES;
			};
			name = Release;
		};
		136459641897C6C9003D8526 /* Debug */ = {
			isa = XCBuildConfiguration;
			baseConfigurationReference = 5376A9F1A6371AF1967DA9FC /* Pods-RestKitTest.debug.xcconfig */;
			buildSettings = {
				ASSETCATALOG_COMPILER_APPICON_NAME = AppIcon;
				ASSETCATALOG_COMPILER_LAUNCHIMAGE_NAME = LaunchImage;
				DEVELOPMENT_TEAM = BNNY5D4LGB;
				GCC_PRECOMPILE_PREFIX_HEADER = YES;
				GCC_PREFIX_HEADER = "RestKitTest/RestKitTest-Prefix.pch";
				HEADER_SEARCH_PATHS = "$(inherited)";
				INFOPLIST_FILE = "RestKitTest/RestKitTest-Info.plist";
				OTHER_CPLUSPLUSFLAGS = (
					"$(inherited)",
					"$(OTHER_CFLAGS)",
				);
				OTHER_LDFLAGS = (
					"$(inherited)",
					"-all_load",
					"-ObjC",
				);
				PRODUCT_BUNDLE_IDENTIFIER = "Home.${PRODUCT_NAME:rfc1034identifier}";
				PRODUCT_NAME = "$(TARGET_NAME)";
				USER_HEADER_SEARCH_PATHS = "$(inherited)";
				WRAPPER_EXTENSION = app;
			};
			name = Debug;
		};
		136459651897C6C9003D8526 /* Release */ = {
			isa = XCBuildConfiguration;
			baseConfigurationReference = E5DAFBE12BBD746D2C95D502 /* Pods-RestKitTest.release.xcconfig */;
			buildSettings = {
				ASSETCATALOG_COMPILER_APPICON_NAME = AppIcon;
				ASSETCATALOG_COMPILER_LAUNCHIMAGE_NAME = LaunchImage;
				DEVELOPMENT_TEAM = BNNY5D4LGB;
				GCC_PRECOMPILE_PREFIX_HEADER = YES;
				GCC_PREFIX_HEADER = "RestKitTest/RestKitTest-Prefix.pch";
				HEADER_SEARCH_PATHS = "$(inherited)";
				INFOPLIST_FILE = "RestKitTest/RestKitTest-Info.plist";
				OTHER_CPLUSPLUSFLAGS = (
					"$(inherited)",
					"$(OTHER_CFLAGS)",
				);
				OTHER_LDFLAGS = (
					"$(inherited)",
					"-all_load",
					"-ObjC",
				);
				PRODUCT_BUNDLE_IDENTIFIER = "Home.${PRODUCT_NAME:rfc1034identifier}";
				PRODUCT_NAME = "$(TARGET_NAME)";
				USER_HEADER_SEARCH_PATHS = "$(inherited)";
				WRAPPER_EXTENSION = app;
			};
			name = Release;
		};
		136459671897C6C9003D8526 /* Debug */ = {
			isa = XCBuildConfiguration;
			baseConfigurationReference = 81D6738EC917B2C19DAC7A04 /* Pods-RestKitTestTests.debug.xcconfig */;
			buildSettings = {
				BUNDLE_LOADER = "$(BUILT_PRODUCTS_DIR)/RestKitTest.app/RestKitTest";
				FRAMEWORK_SEARCH_PATHS = (
					"$(SDKROOT)/Developer/Library/Frameworks",
					"$(inherited)",
					"$(DEVELOPER_FRAMEWORKS_DIR)",
				);
				GCC_PRECOMPILE_PREFIX_HEADER = YES;
				GCC_PREFIX_HEADER = "RestKitTest/RestKitTest-Prefix.pch";
				GCC_PREPROCESSOR_DEFINITIONS = (
					"DEBUG=1",
					"$(inherited)",
				);
				INFOPLIST_FILE = "RestKitTestTests/RestKitTestTests-Info.plist";
				PRODUCT_BUNDLE_IDENTIFIER = "Home.${PRODUCT_NAME:rfc1034identifier}";
				PRODUCT_NAME = "$(TARGET_NAME)";
				TEST_HOST = "$(BUNDLE_LOADER)";
				WRAPPER_EXTENSION = xctest;
			};
			name = Debug;
		};
		136459681897C6C9003D8526 /* Release */ = {
			isa = XCBuildConfiguration;
			baseConfigurationReference = 9C85B8ACBBCC7CA8A475865B /* Pods-RestKitTestTests.release.xcconfig */;
			buildSettings = {
				BUNDLE_LOADER = "$(BUILT_PRODUCTS_DIR)/RestKitTest.app/RestKitTest";
				FRAMEWORK_SEARCH_PATHS = (
					"$(SDKROOT)/Developer/Library/Frameworks",
					"$(inherited)",
					"$(DEVELOPER_FRAMEWORKS_DIR)",
				);
				GCC_PRECOMPILE_PREFIX_HEADER = YES;
				GCC_PREFIX_HEADER = "RestKitTest/RestKitTest-Prefix.pch";
				INFOPLIST_FILE = "RestKitTestTests/RestKitTestTests-Info.plist";
				PRODUCT_BUNDLE_IDENTIFIER = "Home.${PRODUCT_NAME:rfc1034identifier}";
				PRODUCT_NAME = "$(TARGET_NAME)";
				TEST_HOST = "$(BUNDLE_LOADER)";
				WRAPPER_EXTENSION = xctest;
			};
			name = Release;
		};
		49731A1F1DEFDE9100BBD05C /* Debug */ = {
			isa = XCBuildConfiguration;
			buildSettings = {
				CLANG_ANALYZER_NONNULL = YES;
				CLANG_WARN_DOCUMENTATION_COMMENTS = YES;
				CLANG_WARN_SUSPICIOUS_MOVES = YES;
				CODE_SIGN_IDENTITY = "-";
				DEBUG_INFORMATION_FORMAT = dwarf;
				DEVELOPMENT_TEAM = BNNY5D4LGB;
				GCC_WARN_UNINITIALIZED_AUTOS = YES_AGGRESSIVE;
				MACOSX_DEPLOYMENT_TARGET = 10.12;
				MTL_ENABLE_DEBUG_INFO = YES;
				PRODUCT_NAME = "$(TARGET_NAME)";
				SDKROOT = macosx;
			};
			name = Debug;
		};
		49731A201DEFDE9100BBD05C /* Release */ = {
			isa = XCBuildConfiguration;
			buildSettings = {
				CLANG_ANALYZER_NONNULL = YES;
				CLANG_WARN_DOCUMENTATION_COMMENTS = YES;
				CLANG_WARN_SUSPICIOUS_MOVES = YES;
				CODE_SIGN_IDENTITY = "-";
				COPY_PHASE_STRIP = NO;
				DEBUG_INFORMATION_FORMAT = "dwarf-with-dsym";
				DEVELOPMENT_TEAM = BNNY5D4LGB;
				GCC_WARN_UNINITIALIZED_AUTOS = YES_AGGRESSIVE;
				MACOSX_DEPLOYMENT_TARGET = 10.12;
				MTL_ENABLE_DEBUG_INFO = NO;
				PRODUCT_NAME = "$(TARGET_NAME)";
				SDKROOT = macosx;
			};
			name = Release;
		};
/* End XCBuildConfiguration section */

/* Begin XCConfigurationList section */
		1364592C1897C6C9003D8526 /* Build configuration list for PBXProject "RestKitTest" */ = {
			isa = XCConfigurationList;
			buildConfigurations = (
				136459611897C6C9003D8526 /* Debug */,
				136459621897C6C9003D8526 /* Release */,
			);
			defaultConfigurationIsVisible = 0;
			defaultConfigurationName = Release;
		};
		136459631897C6C9003D8526 /* Build configuration list for PBXNativeTarget "RestKitTest" */ = {
			isa = XCConfigurationList;
			buildConfigurations = (
				136459641897C6C9003D8526 /* Debug */,
				136459651897C6C9003D8526 /* Release */,
			);
			defaultConfigurationIsVisible = 0;
			defaultConfigurationName = Release;
		};
		136459661897C6C9003D8526 /* Build configuration list for PBXNativeTarget "RestKitTestTests" */ = {
			isa = XCConfigurationList;
			buildConfigurations = (
				136459671897C6C9003D8526 /* Debug */,
				136459681897C6C9003D8526 /* Release */,
			);
			defaultConfigurationIsVisible = 0;
			defaultConfigurationName = Release;
		};
		49731A211DEFDE9100BBD05C /* Build configuration list for PBXNativeTarget "RKTJSonCut" */ = {
			isa = XCConfigurationList;
			buildConfigurations = (
				49731A1F1DEFDE9100BBD05C /* Debug */,
				49731A201DEFDE9100BBD05C /* Release */,
			);
			defaultConfigurationIsVisible = 0;
		};
/* End XCConfigurationList section */
	};
	rootObject = 136459291897C6C9003D8526 /* Project object */;
}
